
Microsoft Visual Studio Solution File, Format Version 12.00
# Visual Studio Version 16
VisualStudioVersion = 16.0.30804.86
MinimumVisualStudioVersion = 15.0.26124.0
Project("{9A19103F-16F7-4668-BE54-9A1E7A4F7556}") = "PersonService.Api", "PersonService.Api\PersonService.Api.csproj", "{BCC56FD0-66B5-453E-B241-13A4CACB1CFC}"
EndProject
Project("{9A19103F-16F7-4668-BE54-9A1E7A4F7556}") = "PersonService.Api.UnitTests", "PersonService.Api.UnitTests\PersonService.Api.UnitTests.csproj", "{5D918772-04EA-418C-A894-ED0C716B4178}"
EndProject
Global
	GlobalSection(SolutionConfigurationPlatforms) = preSolution
		Debug|Any CPU = Debug|Any CPU
		Debug|x64 = Debug|x64
		Debug|x86 = Debug|x86
		Release|Any CPU = Release|Any CPU
		Release|x64 = Release|x64
		Release|x86 = Release|x86
	EndGlobalSection
	GlobalSection(ProjectConfigurationPlatforms) = postSolution
		{BCC56FD0-66B5-453E-B241-13A4CACB1CFC}.Debug|Any CPU.ActiveCfg = Debug|Any CPU
		{BCC56FD0-66B5-453E-B241-13A4CACB1CFC}.Debug|Any CPU.Build.0 = Debug|Any CPU
		{BCC56FD0-66B5-453E-B241-13A4CACB1CFC}.Debug|x64.ActiveCfg = Debug|Any CPU
		{BCC56FD0-66B5-453E-B241-13A4CACB1CFC}.Debug|x64.Build.0 = Debug|Any CPU
		{BCC56FD0-66B5-453E-B241-13A4CACB1CFC}.Debug|x86.ActiveCfg = Debug|Any CPU
		{BCC56FD0-66B5-453E-B241-13A4CACB1CFC}.Debug|x86.Build.0 = Debug|Any CPU
		{BCC56FD0-66B5-453E-B241-13A4CACB1CFC}.Release|Any CPU.ActiveCfg = Release|Any CPU
		{BCC56FD0-66B5-453E-B241-13A4CACB1CFC}.Release|Any CPU.Build.0 = Release|Any CPU
		{BCC56FD0-66B5-453E-B241-13A4CACB1CFC}.Release|x64.ActiveCfg = Release|Any CPU
		{BCC56FD0-66B5-453E-B241-13A4CACB1CFC}.Release|x64.Build.0 = Release|Any CPU
		{BCC56FD0-66B5-453E-B241-13A4CACB1CFC}.Release|x86.ActiveCfg = Release|Any CPU
		{BCC56FD0-66B5-453E-B241-13A4CACB1CFC}.Release|x86.Build.0 = Release|Any CPU
		{5D918772-04EA-418C-A894-ED0C716B4178}.Debug|Any CPU.ActiveCfg = Debug|Any CPU
		{5D918772-04EA-418C-A894-ED0C716B4178}.Debug|Any CPU.Build.0 = Debug|Any CPU
		{5D918772-04EA-418C-A894-ED0C716B4178}.Debug|x64.ActiveCfg = Debug|Any CPU
		{5D918772-04EA-418C-A894-ED0C716B4178}.Debug|x64.Build.0 = Debug|Any CPU
		{5D918772-04EA-418C-A894-ED0C716B4178}.Debug|x86.ActiveCfg = Debug|Any CPU
		{5D918772-04EA-418C-A894-ED0C716B4178}.Debug|x86.Build.0 = Debug|Any CPU
		{5D918772-04EA-418C-A894-ED0C716B4178}.Release|Any CPU.ActiveCfg = Release|Any CPU
		{5D918772-04EA-418C-A894-ED0C716B4178}.Release|Any CPU.Build.0 = Release|Any CPU
		{5D918772-04EA-418C-A894-ED0C716B4178}.Release|x64.ActiveCfg = Release|Any CPU
		{5D918772-04EA-418C-A894-ED0C716B4178}.Release|x64.Build.0 = Release|Any CPU
		{5D918772-04EA-418C-A894-ED0C716B4178}.Release|x86.ActiveCfg = Release|Any CPU
		{5D918772-04EA-418C-A894-ED0C716B4178}.Release|x86.Build.0 = Release|Any CPU
	EndGlobalSection
	GlobalSection(SolutionProperties) = preSolution
		HideSolutionNode = FALSE
	EndGlobalSection
	GlobalSection(ExtensibilityGlobals) = postSolution
		SolutionGuid = {E9A4A233-33A9-43D3-BAD6-9FE5B600C44A}
	EndGlobalSection
EndGlobal
